
Microsoft Visual Studio Solution File, Format Version 12.00
# Visual Studio Version 17
VisualStudioVersion = 17.2.32526.322
MinimumVisualStudioVersion = 10.0.40219.1
Project("{9A19103F-16F7-4668-BE54-9A1E7A4F7556}") = "SCC", "SCC\SCC.csproj", "{698476F1-DC2D-4A61-9D44-2364ABC063A2}"
EndProject
Project("{9A19103F-16F7-4668-BE54-9A1E7A4F7556}") = "Entities", "Entities\Entities.csproj", "{EFA8740B-7422-4167-A42C-5D501E9C6622}"
EndProject
Project("{9A19103F-16F7-4668-BE54-9A1E7A4F7556}") = "Utils", "Utils\Utils.csproj", "{587D4EB3-4885-4120-8511-E9EBAAA62B14}"
EndProject
Global
	GlobalSection(SolutionConfigurationPlatforms) = preSolution
		Debug|Any CPU = Debug|Any CPU
		Release|Any CPU = Release|Any CPU
	EndGlobalSection
	GlobalSection(ProjectConfigurationPlatforms) = postSolution
		{698476F1-DC2D-4A61-9D44-2364ABC063A2}.Debug|Any CPU.ActiveCfg = Debug|Any CPU
		{698476F1-DC2D-4A61-9D44-2364ABC063A2}.Debug|Any CPU.Build.0 = Debug|Any CPU
		{698476F1-DC2D-4A61-9D44-2364ABC063A2}.Release|Any CPU.ActiveCfg = Release|Any CPU
		{698476F1-DC2D-4A61-9D44-2364ABC063A2}.Release|Any CPU.Build.0 = Release|Any CPU
		{EFA8740B-7422-4167-A42C-5D501E9C6622}.Debug|Any CPU.ActiveCfg = Debug|Any CPU
		{EFA8740B-7422-4167-A42C-5D501E9C6622}.Debug|Any CPU.Build.0 = Debug|Any CPU
		{EFA8740B-7422-4167-A42C-5D501E9C6622}.Release|Any CPU.ActiveCfg = Release|Any CPU
		{EFA8740B-7422-4167-A42C-5D501E9C6622}.Release|Any CPU.Build.0 = Release|Any CPU
		{587D4EB3-4885-4120-8511-E9EBAAA62B14}.Debug|Any CPU.ActiveCfg = Debug|Any CPU
		{587D4EB3-4885-4120-8511-E9EBAAA62B14}.Debug|Any CPU.Build.0 = Debug|Any CPU
		{587D4EB3-4885-4120-8511-E9EBAAA62B14}.Release|Any CPU.ActiveCfg = Release|Any CPU
		{587D4EB3-4885-4120-8511-E9EBAAA62B14}.Release|Any CPU.Build.0 = Release|Any CPU
	EndGlobalSection
	GlobalSection(SolutionProperties) = preSolution
		HideSolutionNode = FALSE
	EndGlobalSection
	GlobalSection(ExtensibilityGlobals) = postSolution
		SolutionGuid = {9E6E0A01-DCC5-49D0-8ACA-73B87EDA6878}
	EndGlobalSection
EndGlobal
